<?xml version="1.0" encoding="UTF-8" standalone="yes" ?>
<CodeBlocks_project_file>
	<FileVersion major="1" minor="6" />
	<Project>
		<Option title="Framework" />
		<Option pch_mode="2" />
		<Option compiler="gcc" />
		<Build>
			<Target title="Android">
				<Option output="bin/Debug/Framework" prefix_auto="1" extension_auto="1" />
				<Option object_output="obj/Debug/" />
				<Option type="1" />
				<Option compiler="gcc" />
				<Compiler>
					<Add option="-g" />
				</Compiler>
				<ExtraCommands>
					<Add before="cmd /c cp -r src/* android/jni/src" />
					<Add before="cmd /c cd android &amp;&amp; ndk-build -j8 NDK_DEBUG=1" />
					<Add before="cmd /c cd android &amp;&amp; ant debug install" />
					<Mode after="always" />
				</ExtraCommands>
			</Target>
			<Target title="Release">
				<Option output="bin/Release/Framework" prefix_auto="1" extension_auto="1" />
				<Option object_output="obj/Release/" />
				<Option type="1" />
				<Option compiler="gcc" />
				<Compiler>
					<Add option="-O2" />
				</Compiler>
				<Linker>
					<Add option="-s" />
				</Linker>
			</Target>
		</Build>
		<Compiler>
			<Add option="-Wall" />
		</Compiler>
		<Unit filename="android/Android.mk">
			<Option target="Release" />
		</Unit>
		<Unit filename="android/AndroidManifest.xml">
			<Option target="&lt;{~None~}&gt;" />
		</Unit>
		<Unit filename="android/jni/Application.mk">
			<Option target="&lt;{~None~}&gt;" />
		</Unit>
		<Unit filename="android/jni/src/Android.mk">
			<Option target="Release" />
		</Unit>
		<Unit filename="android/src/com/myapp/game/MyGame.java">
			<Option target="Android" />
		</Unit>
		<Unit filename="src/Billing/XF_Billing.cpp">
			<Option target="Release" />
		</Unit>
		<Unit filename="src/Billing/XF_Billing.h">
			<Option target="Release" />
		</Unit>
		<Unit filename="src/Billing/XF_Billing_Android.cpp">
			<Option target="Release" />
		</Unit>
		<Unit filename="src/Billing/XF_Billing_Android.h">
			<Option target="Release" />
		</Unit>
		<Unit filename="src/Billing/XF_Billing_Mac.h">
			<Option target="Release" />
		</Unit>
		<Unit filename="src/Billing/XF_Billing_ios.h">
			<Option target="Release" />
		</Unit>
		<Unit filename="src/Billing/ph_os_android_callbacks.cpp">
			<Option target="Release" />
		</Unit>
		<Unit filename="src/Billing/ph_os_android_callbacks.h">
			<Option target="Release" />
		</Unit>
		<Unit filename="src/Bluetooth/XBluetooth.h">
			<Option target="Release" />
		</Unit>
		<Unit filename="src/Bluetooth/XBluetoothAndroid.cpp">
			<Option target="Release" />
		</Unit>
		<Unit filename="src/EventController.cpp">
			<Option target="Release" />
		</Unit>
		<Unit filename="src/EventController.h">
			<Option target="Release" />
		</Unit>
		<Unit filename="src/EventProcessor.h">
			<Option target="Release" />
		</Unit>
		<Unit filename="src/HTTP/XHTTP.h">
			<Option target="Release" />
		</Unit>
		<Unit filename="src/Location/XLocation.h">
			<Option target="Release" />
		</Unit>
		<Unit filename="src/Location/XLocationAndroid.cpp">
			<Option target="Release" />
		</Unit>
		<Unit filename="src/Notifications/XNotification.h">
			<Option target="Release" />
		</Unit>
		<Unit filename="src/Notifications/XNotificationAndroid.cpp">
			<Option target="Release" />
		</Unit>
		<Unit filename="src/SocialNetworks/CallbacksAndroid.cpp">
			<Option target="Release" />
		</Unit>
		<Unit filename="src/SocialNetworks/XFacebook.h">
			<Option target="Release" />
		</Unit>
		<Unit filename="src/SocialNetworks/XFacebookAndroid.cpp">
			<Option target="Release" />
		</Unit>
		<Unit filename="src/SocialNetworks/XGooglePlus.cpp">
			<Option target="Release" />
		</Unit>
		<Unit filename="src/SocialNetworks/XGooglePlus.h">
			<Option target="Release" />
		</Unit>
		<Unit filename="src/SocialNetworks/XGooglePlusAndroid.cpp">
			<Option target="Release" />
		</Unit>
		<Unit filename="src/SocialNetworks/XSocialNetwork.h">
			<Option target="Release" />
		</Unit>
		<Unit filename="src/View.h">
			<Option target="Release" />
		</Unit>
		<Unit filename="src/example.cpp">
			<Option target="Release" />
		</Unit>
		<Unit filename="src/example.h">
			<Option target="Release" />
		</Unit>
		<Unit filename="src/main.cpp">
			<Option target="Release" />
		</Unit>
		<Unit filename="src/main.h">
			<Option target="Release" />
		</Unit>
		<Extensions>
			<code_completion />
			<envvars />
			<debugger />
			<lib_finder disable_auto="1" />
		</Extensions>
	</Project>
</CodeBlocks_project_file>
